
Microsoft Visual Studio Solution File, Format Version 12.00
# Visual Studio Version 16
VisualStudioVersion = 16.0.28917.181
MinimumVisualStudioVersion = 10.0.40219.1
Project("{9A19103F-16F7-4668-BE54-9A1E7A4F7556}") = "MEFSample", "MEFSample\MEFSample.csproj", "{5FF78F5D-8D0B-4705-9384-185A4AEE01BF}"
EndProject
Project("{FAE04EC0-301F-11D3-BF4B-00C04F79EFBC}") = "MEFSample_Calculator", "MEFSample_Calculator\MEFSample_Calculator.csproj", "{AAA456E2-C5A6-4A5A-8664-1125BE209319}"
EndProject
Global
	GlobalSection(SolutionConfigurationPlatforms) = preSolution
		Debug|Any CPU = Debug|Any CPU
		Release|Any CPU = Release|Any CPU
	EndGlobalSection
	GlobalSection(ProjectConfigurationPlatforms) = postSolution
		{5FF78F5D-8D0B-4705-9384-185A4AEE01BF}.Debug|Any CPU.ActiveCfg = Debug|Any CPU
		{5FF78F5D-8D0B-4705-9384-185A4AEE01BF}.Debug|Any CPU.Build.0 = Debug|Any CPU
		{5FF78F5D-8D0B-4705-9384-185A4AEE01BF}.Release|Any CPU.ActiveCfg = Release|Any CPU
		{5FF78F5D-8D0B-4705-9384-185A4AEE01BF}.Release|Any CPU.Build.0 = Release|Any CPU
		{AAA456E2-C5A6-4A5A-8664-1125BE209319}.Debug|Any CPU.ActiveCfg = Debug|Any CPU
		{AAA456E2-C5A6-4A5A-8664-1125BE209319}.Debug|Any CPU.Build.0 = Debug|Any CPU
		{AAA456E2-C5A6-4A5A-8664-1125BE209319}.Release|Any CPU.ActiveCfg = Release|Any CPU
		{AAA456E2-C5A6-4A5A-8664-1125BE209319}.Release|Any CPU.Build.0 = Release|Any CPU
	EndGlobalSection
	GlobalSection(SolutionProperties) = preSolution
		HideSolutionNode = FALSE
	EndGlobalSection
	GlobalSection(ExtensibilityGlobals) = postSolution
		SolutionGuid = {3BB2A162-068F-40DF-883A-66226BD3581B}
	EndGlobalSection
EndGlobal
